
Microsoft Visual Studio Solution File, Format Version 12.00
# Visual Studio Version 16
VisualStudioVersion = 16.0.29728.190
MinimumVisualStudioVersion = 10.0.40219.1
Project("{FAE04EC0-301F-11D3-BF4B-00C04F79EFBC}") = "ContactManager", "ContactManager\ContactManager.csproj", "{DBDA94B3-02E7-431F-A3E8-F1AA140128A6}"
EndProject
Global
	GlobalSection(SolutionConfigurationPlatforms) = preSolution
		Debug|Any CPU = Debug|Any CPU
		Release|Any CPU = Release|Any CPU
	EndGlobalSection
	GlobalSection(ProjectConfigurationPlatforms) = postSolution
		{DBDA94B3-02E7-431F-A3E8-F1AA140128A6}.Debug|Any CPU.ActiveCfg = Debug|Any CPU
		{DBDA94B3-02E7-431F-A3E8-F1AA140128A6}.Debug|Any CPU.Build.0 = Debug|Any CPU
		{DBDA94B3-02E7-431F-A3E8-F1AA140128A6}.Release|Any CPU.ActiveCfg = Release|Any CPU
		{DBDA94B3-02E7-431F-A3E8-F1AA140128A6}.Release|Any CPU.Build.0 = Release|Any CPU
	EndGlobalSection
	GlobalSection(SolutionProperties) = preSolution
		HideSolutionNode = FALSE
	EndGlobalSection
	GlobalSection(ExtensibilityGlobals) = postSolution
		SolutionGuid = {8B13ACB5-0625-4AA6-92AF-4C5AF74B4358}
	EndGlobalSection
EndGlobal
